
Microsoft Visual Studio Solution File, Format Version 12.00
# Visual Studio 15
VisualStudioVersion = 15.0.28010.2019
MinimumVisualStudioVersion = 10.0.40219.1
Project("{FAE04EC0-301F-11D3-BF4B-00C04F79EFBC}") = "Program3", "Program3\Program3.csproj", "{E3CAE20B-5F1E-4B01-BEBC-F6F9A6EDE845}"
EndProject
Global
	GlobalSection(SolutionConfigurationPlatforms) = preSolution
		Debug|Any CPU = Debug|Any CPU
		Release|Any CPU = Release|Any CPU
	EndGlobalSection
	GlobalSection(ProjectConfigurationPlatforms) = postSolution
		{E3CAE20B-5F1E-4B01-BEBC-F6F9A6EDE845}.Debug|Any CPU.ActiveCfg = Debug|Any CPU
		{E3CAE20B-5F1E-4B01-BEBC-F6F9A6EDE845}.Debug|Any CPU.Build.0 = Debug|Any CPU
		{E3CAE20B-5F1E-4B01-BEBC-F6F9A6EDE845}.Release|Any CPU.ActiveCfg = Release|Any CPU
		{E3CAE20B-5F1E-4B01-BEBC-F6F9A6EDE845}.Release|Any CPU.Build.0 = Release|Any CPU
	EndGlobalSection
	GlobalSection(SolutionProperties) = preSolution
		HideSolutionNode = FALSE
	EndGlobalSection
	GlobalSection(ExtensibilityGlobals) = postSolution
		SolutionGuid = {C913DB18-2BBA-4108-A69F-0F1A6178F751}
	EndGlobalSection
EndGlobal
