
Microsoft Visual Studio Solution File, Format Version 12.00
# Visual Studio 15
VisualStudioVersion = 15.0.28010.2019
MinimumVisualStudioVersion = 10.0.40219.1
Project("{FAE04EC0-301F-11D3-BF4B-00C04F79EFBC}") = "SimpleCrawler", "Crawler\SimpleCrawler.csproj", "{64E56C78-D440-4092-9E1C-7CDB0A11EF3D}"
EndProject
Global
	GlobalSection(SolutionConfigurationPlatforms) = preSolution
		Debug|Any CPU = Debug|Any CPU
		Release|Any CPU = Release|Any CPU
	EndGlobalSection
	GlobalSection(ProjectConfigurationPlatforms) = postSolution
		{64E56C78-D440-4092-9E1C-7CDB0A11EF3D}.Debug|Any CPU.ActiveCfg = Debug|Any CPU
		{64E56C78-D440-4092-9E1C-7CDB0A11EF3D}.Debug|Any CPU.Build.0 = Debug|Any CPU
		{64E56C78-D440-4092-9E1C-7CDB0A11EF3D}.Release|Any CPU.ActiveCfg = Release|Any CPU
		{64E56C78-D440-4092-9E1C-7CDB0A11EF3D}.Release|Any CPU.Build.0 = Release|Any CPU
	EndGlobalSection
	GlobalSection(SolutionProperties) = preSolution
		HideSolutionNode = FALSE
	EndGlobalSection
	GlobalSection(ExtensibilityGlobals) = postSolution
		SolutionGuid = {BFC61627-7425-4A0A-B7FA-484B5D407A6C}
	EndGlobalSection
EndGlobal
